
Microsoft Visual Studio Solution File, Format Version 12.00
# Visual Studio Version 17
VisualStudioVersion = 17.6.33815.320
MinimumVisualStudioVersion = 10.0.40219.1
Project("{9A19103F-16F7-4668-BE54-9A1E7A4F7556}") = "MonitoringAgent.Agent", "src\MonitoringAgent.Agent\MonitoringAgent.Agent.csproj", "{D4910D4E-0574-4027-8C3E-ACAE4675BCAC}"
EndProject
Project("{9A19103F-16F7-4668-BE54-9A1E7A4F7556}") = "MonitoringAgent.Common", "src\MonitoringAgent.Common\MonitoringAgent.Common.csproj", "{E0B59C17-961D-48B0-878D-4528A2824CEB}"
EndProject
Project("{9A19103F-16F7-4668-BE54-9A1E7A4F7556}") = "MonitoringAgent.Api", "src\MonitoringAgent.Api\MonitoringAgent.Api.csproj", "{DE77DF44-FF3B-473D-BB3D-750FCD00CD56}"
EndProject
Project("{9A19103F-16F7-4668-BE54-9A1E7A4F7556}") = "MonitoringAgent.Data", "src\MonitoringAgent.Data\MonitoringAgent.Data.csproj", "{92372339-A999-4208-86C0-A8880B951751}"
EndProject
Project("{9A19103F-16F7-4668-BE54-9A1E7A4F7556}") = "MonitoringAgent.Engine", "src\MonitoringAgent.Engine\MonitoringAgent.Engine.csproj", "{DDF5E072-D8B1-4D7E-8669-240D616C9214}"
EndProject
Project("{FAE04EC0-301F-11D3-BF4B-00C04F79EFBC}") = "MonitoringAgent.Simulator", "src\MonitoringAgent.Simulator\MonitoringAgent.Simulator.csproj", "{453FC675-84AC-4E27-9353-1F3BCDEFAE49}"
EndProject
Global
	GlobalSection(SolutionConfigurationPlatforms) = preSolution
		Debug|Any CPU = Debug|Any CPU
		Release|Any CPU = Release|Any CPU
	EndGlobalSection
	GlobalSection(ProjectConfigurationPlatforms) = postSolution
		{D4910D4E-0574-4027-8C3E-ACAE4675BCAC}.Debug|Any CPU.ActiveCfg = Debug|Any CPU
		{D4910D4E-0574-4027-8C3E-ACAE4675BCAC}.Debug|Any CPU.Build.0 = Debug|Any CPU
		{D4910D4E-0574-4027-8C3E-ACAE4675BCAC}.Release|Any CPU.ActiveCfg = Release|Any CPU
		{D4910D4E-0574-4027-8C3E-ACAE4675BCAC}.Release|Any CPU.Build.0 = Release|Any CPU
		{E0B59C17-961D-48B0-878D-4528A2824CEB}.Debug|Any CPU.ActiveCfg = Debug|Any CPU
		{E0B59C17-961D-48B0-878D-4528A2824CEB}.Debug|Any CPU.Build.0 = Debug|Any CPU
		{E0B59C17-961D-48B0-878D-4528A2824CEB}.Release|Any CPU.ActiveCfg = Release|Any CPU
		{E0B59C17-961D-48B0-878D-4528A2824CEB}.Release|Any CPU.Build.0 = Release|Any CPU
		{DE77DF44-FF3B-473D-BB3D-750FCD00CD56}.Debug|Any CPU.ActiveCfg = Debug|Any CPU
		{DE77DF44-FF3B-473D-BB3D-750FCD00CD56}.Debug|Any CPU.Build.0 = Debug|Any CPU
		{DE77DF44-FF3B-473D-BB3D-750FCD00CD56}.Release|Any CPU.ActiveCfg = Release|Any CPU
		{DE77DF44-FF3B-473D-BB3D-750FCD00CD56}.Release|Any CPU.Build.0 = Release|Any CPU
		{92372339-A999-4208-86C0-A8880B951751}.Debug|Any CPU.ActiveCfg = Debug|Any CPU
		{92372339-A999-4208-86C0-A8880B951751}.Debug|Any CPU.Build.0 = Debug|Any CPU
		{92372339-A999-4208-86C0-A8880B951751}.Release|Any CPU.ActiveCfg = Release|Any CPU
		{92372339-A999-4208-86C0-A8880B951751}.Release|Any CPU.Build.0 = Release|Any CPU
		{DDF5E072-D8B1-4D7E-8669-240D616C9214}.Debug|Any CPU.ActiveCfg = Debug|Any CPU
		{DDF5E072-D8B1-4D7E-8669-240D616C9214}.Debug|Any CPU.Build.0 = Debug|Any CPU
		{DDF5E072-D8B1-4D7E-8669-240D616C9214}.Release|Any CPU.ActiveCfg = Release|Any CPU
		{DDF5E072-D8B1-4D7E-8669-240D616C9214}.Release|Any CPU.Build.0 = Release|Any CPU
		{453FC675-84AC-4E27-9353-1F3BCDEFAE49}.Debug|Any CPU.ActiveCfg = Debug|Any CPU
		{453FC675-84AC-4E27-9353-1F3BCDEFAE49}.Debug|Any CPU.Build.0 = Debug|Any CPU
		{453FC675-84AC-4E27-9353-1F3BCDEFAE49}.Release|Any CPU.ActiveCfg = Release|Any CPU
		{453FC675-84AC-4E27-9353-1F3BCDEFAE49}.Release|Any CPU.Build.0 = Release|Any CPU
	EndGlobalSection
	GlobalSection(SolutionProperties) = preSolution
		HideSolutionNode = FALSE
	EndGlobalSection
	GlobalSection(ExtensibilityGlobals) = postSolution
		SolutionGuid = {B5FB4C6F-866A-49F9-B892-3ADBB2D85131}
	EndGlobalSection
EndGlobal
